<?xml version="1.0" encoding="UTF-8" standalone="yes" ?>
<CodeBlocks_project_file>
	<FileVersion major="1" minor="6" />
	<Project>
		<Option title="Android ELF cleaner" />
		<Option pch_mode="2" />
		<Option compiler="gcc" />
		<Build>
			<Target title="Debug">
				<Option output="bin/Debug/android-elf-cleaner64d" prefix_auto="1" extension_auto="1" />
				<Option object_output="obj/Debug/" />
				<Option type="1" />
				<Option compiler="gcc" />
				<Compiler>
					<Add option="-g" />
				</Compiler>
			</Target>
			<Target title="Release64">
				<Option output="bin/Release/android-elf-cleaner64" prefix_auto="1" extension_auto="1" />
				<Option object_output="obj/Release64/" />
				<Option type="1" />
				<Option compiler="gnu_gcc_compiler64" />
				<Compiler>
					<Add option="-O2" />
					<Add option="-m64" />
				</Compiler>
				<Linker>
					<Add option="-s" />
					<Add option="-static-libstdc++" />
					<Add option="-static-libgcc" />
					<Add option="-static" />
				</Linker>
				<ExtraCommands>
					<Add after="upx.exe -9 bin\Release\android-elf-cleaner64.exe" />
					<Mode after="always" />
				</ExtraCommands>
			</Target>
			<Target title="Release32">
				<Option output="bin/Release/android-elf-cleaner32" prefix_auto="1" extension_auto="1" />
				<Option object_output="obj/Release32/" />
				<Option type="1" />
				<Option compiler="gnu_gcc_compiler32" />
				<Compiler>
					<Add option="-O2" />
					<Add option="-m32" />
				</Compiler>
				<Linker>
					<Add option="-s" />
					<Add option="-static-libstdc++" />
					<Add option="-static-libgcc" />
					<Add option="-static" />
					<Add option="-m32" />
				</Linker>
				<ExtraCommands>
					<Add after="upx.exe -9 bin\Release\android-elf-cleaner32.exe" />
					<Mode after="always" />
				</ExtraCommands>
			</Target>
			<Target title="Install">
				<Option type="4" />
				<Option compiler="gcc" />
				<ExtraCommands>
					<Add after="E:\__Bin64\7Zip\7z a -mx9 -tzip ..\docs\android-elf-cleaner.zip bin\Release\android-elf-cleaner64.exe bin\Release\android-elf-cleaner32.exe" />
					<Mode after="always" />
				</ExtraCommands>
			</Target>
		</Build>
		<VirtualTargets>
			<Add alias="Release" targets="Release64;Release32;Install;" />
		</VirtualTargets>
		<Compiler>
			<Add option="-Wall" />
			<Add option="-std=c++17" />
			<Add option="-fexceptions" />
			<Add option="-Wno-unknown-pragmas" />
			<Add option="-fvisibility=hidden" />
			<Add option="-fvisibility-inlines-hidden" />
		</Compiler>
		<Unit filename="android-elf-cleaner.cpp">
			<Option target="Debug" />
			<Option target="Release64" />
			<Option target="Release32" />
		</Unit>
		<Unit filename="mio.hpp">
			<Option target="Debug" />
			<Option target="Release64" />
			<Option target="Release32" />
		</Unit>
		<Extensions>
			<code_completion />
			<envvars />
			<debugger />
			<lib_finder disable_auto="1" />
		</Extensions>
	</Project>
</CodeBlocks_project_file>
